// !$*UTF8*$!
{
	archiveVersion = 1;
	classes = {
	};
	objectVersion = 50;
	objects = {

/* Begin PBXBuildFile section */
		FB16BD4E27C3CC8300338AB5 /* Preview.png in Resources */ = {isa = PBXBuildFile; fileRef = FB16BD4D27C3CC8300338AB5 /* Preview.png */; };
		FB4D7DDC2754C15100E0C4FE /* AppDelegate.swift in Sources */ = {isa = PBXBuildFile; fileRef = FB4D7DDB2754C15100E0C4FE /* AppDelegate.swift */; };
		FB4D7DDE2754C15100E0C4FE /* SceneDelegate.swift in Sources */ = {isa = PBXBuildFile; fileRef = FB4D7DDD2754C15100E0C4FE /* SceneDelegate.swift */; };
		FB4D7DE02754C15100E0C4FE /* ViewController.swift in Sources */ = {isa = PBXBuildFile; fileRef = FB4D7DDF2754C15100E0C4FE /* ViewController.swift */; };
		FB4D7DE32754C15100E0C4FE /* Main.storyboard in Resources */ = {isa = PBXBuildFile; fileRef = FB4D7DE12754C15100E0C4FE /* Main.storyboard */; };
		FB4D7DE52754C15200E0C4FE /* Assets.xcassets in Resources */ = {isa = PBXBuildFile; fileRef = FB4D7DE42754C15200E0C4FE /* Assets.xcassets */; };
		FB4D7DE82754C15200E0C4FE /* LaunchScreen.storyboard in Resources */ = {isa = PBXBuildFile; fileRef = FB4D7DE62754C15200E0C4FE /* LaunchScreen.storyboard */; };
		FB4D7DF32754C15200E0C4FE /* TextFieldsTests.swift in Sources */ = {isa = PBXBuildFile; fileRef = FB4D7DF22754C15200E0C4FE /* TextFieldsTests.swift */; };
		FB4D7DFE2754C15200E0C4FE /* TextFieldsUITests.swift in Sources */ = {isa = PBXBuildFile; fileRef = FB4D7DFD2754C15200E0C4FE /* TextFieldsUITests.swift */; };
/* End PBXBuildFile section */

/* Begin PBXContainerItemProxy section */
		FB4D7DEF2754C15200E0C4FE /* PBXContainerItemProxy */ = {
			isa = PBXContainerItemProxy;
			containerPortal = FB4D7DD02754C15100E0C4FE /* Project object */;
			proxyType = 1;
			remoteGlobalIDString = FB4D7DD72754C15100E0C4FE;
			remoteInfo = TextFields;
		};
		FB4D7DFA2754C15200E0C4FE /* PBXContainerItemProxy */ = {
			isa = PBXContainerItemProxy;
			containerPortal = FB4D7DD02754C15100E0C4FE /* Project object */;
			proxyType = 1;
			remoteGlobalIDString = FB4D7DD72754C15100E0C4FE;
			remoteInfo = TextFields;
		};
/* End PBXContainerItemProxy section */

/* Begin PBXFileReference section */
		FB16BD4D27C3CC8300338AB5 /* Preview.png */ = {isa = PBXFileReference; lastKnownFileType = image.png; path = Preview.png; sourceTree = SOURCE_ROOT; };
		FB4D7DD82754C15100E0C4FE /* TextFields.app */ = {isa = PBXFileReference; explicitFileType = wrapper.application; includeInIndex = 0; path = TextFields.app; sourceTree = BUILT_PRODUCTS_DIR; };
		FB4D7DDB2754C15100E0C4FE /* AppDelegate.swift */ = {isa = PBXFileReference; lastKnownFileType = sourcecode.swift; path = AppDelegate.swift; sourceTree = "<group>"; };
		FB4D7DDD2754C15100E0C4FE /* SceneDelegate.swift */ = {isa = PBXFileReference; lastKnownFileType = sourcecode.swift; path = SceneDelegate.swift; sourceTree = "<group>"; };
		FB4D7DDF2754C15100E0C4FE /* ViewController.swift */ = {isa = PBXFileReference; lastKnownFileType = sourcecode.swift; path = ViewController.swift; sourceTree = "<group>"; };
		FB4D7DE22754C15100E0C4FE /* Base */ = {isa = PBXFileReference; lastKnownFileType = file.storyboard; name = Base; path = Base.lproj/Main.storyboard; sourceTree = "<group>"; };
		FB4D7DE42754C15200E0C4FE /* Assets.xcassets */ = {isa = PBXFileReference; lastKnownFileType = folder.assetcatalog; path = Assets.xcassets; sourceTree = "<group>"; };
		FB4D7DE72754C15200E0C4FE /* Base */ = {isa = PBXFileReference; lastKnownFileType = file.storyboard; name = Base; path = Base.lproj/LaunchScreen.storyboard; sourceTree = "<group>"; };
		FB4D7DE92754C15200E0C4FE /* Info.plist */ = {isa = PBXFileReference; lastKnownFileType = text.plist.xml; path = Info.plist; sourceTree = "<group>"; };
		FB4D7DEE2754C15200E0C4FE /* TextFieldsTests.xctest */ = {isa = PBXFileReference; explicitFileType = wrapper.cfbundle; includeInIndex = 0; path = TextFieldsTests.xctest; sourceTree = BUILT_PRODUCTS_DIR; };
		FB4D7DF22754C15200E0C4FE /* TextFieldsTests.swift */ = {isa = PBXFileReference; lastKnownFileType = sourcecode.swift; path = TextFieldsTests.swift; sourceTree = "<group>"; };
		FB4D7DF42754C15200E0C4FE /* Info.plist */ = {isa = PBXFileReference; lastKnownFileType = text.plist.xml; path = Info.plist; sourceTree = "<group>"; };
		FB4D7DF92754C15200E0C4FE /* TextFieldsUITests.xctest */ = {isa = PBXFileReference; explicitFileType = wrapper.cfbundle; includeInIndex = 0; path = TextFieldsUITests.xctest; sourceTree = BUILT_PRODUCTS_DIR; };
		FB4D7DFD2754C15200E0C4FE /* TextFieldsUITests.swift */ = {isa = PBXFileReference; lastKnownFileType = sourcecode.swift; path = TextFieldsUITests.swift; sourceTree = "<group>"; };
		FB4D7DFF2754C15200E0C4FE /* Info.plist */ = {isa = PBXFileReference; lastKnownFileType = text.plist.xml; path = Info.plist; sourceTree = "<group>"; };
/* End PBXFileReference section */

/* Begin PBXFrameworksBuildPhase section */
		FB4D7DD52754C15100E0C4FE /* Frameworks */ = {
			isa = PBXFrameworksBuildPhase;
			buildActionMask = 2147483647;
			files = (
			);
			runOnlyForDeploymentPostprocessing = 0;
		};
		FB4D7DEB2754C15200E0C4FE /* Frameworks */ = {
			isa = PBXFrameworksBuildPhase;
			buildActionMask = 2147483647;
			files = (
			);
			runOnlyForDeploymentPostprocessing = 0;
		};
		FB4D7DF62754C15200E0C4FE /* Frameworks */ = {
			isa = PBXFrameworksBuildPhase;
			buildActionMask = 2147483647;
			files = (
			);
			runOnlyForDeploymentPostprocessing = 0;
		};
/* End PBXFrameworksBuildPhase section */

/* Begin PBXGroup section */
		FB4D7DCF2754C15100E0C4FE = {
			isa = PBXGroup;
			children = (
				FB4D7DDA2754C15100E0C4FE /* TextFields */,
				FB4D7DF12754C15200E0C4FE /* TextFieldsTests */,
				FB4D7DFC2754C15200E0C4FE /* TextFieldsUITests */,
				FB4D7DD92754C15100E0C4FE /* Products */,
			);
			sourceTree = "<group>";
		};
		FB4D7DD92754C15100E0C4FE /* Products */ = {
			isa = PBXGroup;
			children = (
				FB4D7DD82754C15100E0C4FE /* TextFields.app */,
				FB4D7DEE2754C15200E0C4FE /* TextFieldsTests.xctest */,
				FB4D7DF92754C15200E0C4FE /* TextFieldsUITests.xctest */,
			);
			name = Products;
			sourceTree = "<group>";
		};
		FB4D7DDA2754C15100E0C4FE /* TextFields */ = {
			isa = PBXGroup;
			children = (
				FB4D7DDB2754C15100E0C4FE /* AppDelegate.swift */,
				FB4D7DDD2754C15100E0C4FE /* SceneDelegate.swift */,
				FB4D7DDF2754C15100E0C4FE /* ViewController.swift */,
				FB4D7DE12754C15100E0C4FE /* Main.storyboard */,
				FB4D7DE42754C15200E0C4FE /* Assets.xcassets */,
				FB4D7DE62754C15200E0C4FE /* LaunchScreen.storyboard */,
				FB4D7DE92754C15200E0C4FE /* Info.plist */,
				FB16BD4D27C3CC8300338AB5 /* Preview.png */,
			);
			path = TextFields;
			sourceTree = "<group>";
		};
		FB4D7DF12754C15200E0C4FE /* TextFieldsTests */ = {
			isa = PBXGroup;
			children = (
				FB4D7DF22754C15200E0C4FE /* TextFieldsTests.swift */,
				FB4D7DF42754C15200E0C4FE /* Info.plist */,
			);
			path = TextFieldsTests;
			sourceTree = "<group>";
		};
		FB4D7DFC2754C15200E0C4FE /* TextFieldsUITests */ = {
			isa = PBXGroup;
			children = (
				FB4D7DFD2754C15200E0C4FE /* TextFieldsUITests.swift */,
				FB4D7DFF2754C15200E0C4FE /* Info.plist */,
			);
			path = TextFieldsUITests;
			sourceTree = "<group>";
		};
/* End PBXGroup section */

/* Begin PBXNativeTarget section */
		FB4D7DD72754C15100E0C4FE /* TextFields */ = {
			isa = PBXNativeTarget;
			buildConfigurationList = FB4D7E022754C15200E0C4FE /* Build configuration list for PBXNativeTarget "TextFields" */;
			buildPhases = (
				FB4D7DD42754C15100E0C4FE /* Sources */,
				FB4D7DD52754C15100E0C4FE /* Frameworks */,
				FB4D7DD62754C15100E0C4FE /* Resources */,
			);
			buildRules = (
			);
			dependencies = (
			);
			name = TextFields;
			productName = TextFields;
			productReference = FB4D7DD82754C15100E0C4FE /* TextFields.app */;
			productType = "com.apple.product-type.application";
		};
		FB4D7DED2754C15200E0C4FE /* TextFieldsTests */ = {
			isa = PBXNativeTarget;
			buildConfigurationList = FB4D7E052754C15200E0C4FE /* Build configuration list for PBXNativeTarget "TextFieldsTests" */;
			buildPhases = (
				FB4D7DEA2754C15200E0C4FE /* Sources */,
				FB4D7DEB2754C15200E0C4FE /* Frameworks */,
				FB4D7DEC2754C15200E0C4FE /* Resources */,
			);
			buildRules = (
			);
			dependencies = (
				FB4D7DF02754C15200E0C4FE /* PBXTargetDependency */,
			);
			name = TextFieldsTests;
			productName = TextFieldsTests;
			productReference = FB4D7DEE2754C15200E0C4FE /* TextFieldsTests.xctest */;
			productType = "com.apple.product-type.bundle.unit-test";
		};
		FB4D7DF82754C15200E0C4FE /* TextFieldsUITests */ = {
			isa = PBXNativeTarget;
			buildConfigurationList = FB4D7E082754C15200E0C4FE /* Build configuration list for PBXNativeTarget "TextFieldsUITests" */;
			buildPhases = (
				FB4D7DF52754C15200E0C4FE /* Sources */,
				FB4D7DF62754C15200E0C4FE /* Frameworks */,
				FB4D7DF72754C15200E0C4FE /* Resources */,
			);
			buildRules = (
			);
			dependencies = (
				FB4D7DFB2754C15200E0C4FE /* PBXTargetDependency */,
			);
			name = TextFieldsUITests;
			productName = TextFieldsUITests;
			productReference = FB4D7DF92754C15200E0C4FE /* TextFieldsUITests.xctest */;
			productType = "com.apple.product-type.bundle.ui-testing";
		};
/* End PBXNativeTarget section */

/* Begin PBXProject section */
		FB4D7DD02754C15100E0C4FE /* Project object */ = {
			isa = PBXProject;
			attributes = {
				LastSwiftUpdateCheck = 1250;
				LastUpgradeCheck = 1250;
				TargetAttributes = {
					FB4D7DD72754C15100E0C4FE = {
						CreatedOnToolsVersion = 12.5.1;
					};
					FB4D7DED2754C15200E0C4FE = {
						CreatedOnToolsVersion = 12.5.1;
						TestTargetID = FB4D7DD72754C15100E0C4FE;
					};
					FB4D7DF82754C15200E0C4FE = {
						CreatedOnToolsVersion = 12.5.1;
						TestTargetID = FB4D7DD72754C15100E0C4FE;
					};
				};
			};
			buildConfigurationList = FB4D7DD32754C15100E0C4FE /* Build configuration list for PBXProject "TextFields" */;
			compatibilityVersion = "Xcode 9.3";
			developmentRegion = en;
			hasScannedForEncodings = 0;
			knownRegions = (
				en,
				Base,
			);
			mainGroup = FB4D7DCF2754C15100E0C4FE;
			productRefGroup = FB4D7DD92754C15100E0C4FE /* Products */;
			projectDirPath = "";
			projectRoot = "";
			targets = (
				FB4D7DD72754C15100E0C4FE /* TextFields */,
				FB4D7DED2754C15200E0C4FE /* TextFieldsTests */,
				FB4D7DF82754C15200E0C4FE /* TextFieldsUITests */,
			);
		};
/* End PBXProject section */

/* Begin PBXResourcesBuildPhase section */
		FB4D7DD62754C15100E0C4FE /* Resources */ = {
			isa = PBXResourcesBuildPhase;
			buildActionMask = 2147483647;
			files = (
				FB16BD4E27C3CC8300338AB5 /* Preview.png in Resources */,
				FB4D7DE82754C15200E0C4FE /* LaunchScreen.storyboard in Resources */,
				FB4D7DE52754C15200E0C4FE /* Assets.xcassets in Resources */,
				FB4D7DE32754C15100E0C4FE /* Main.storyboard in Resources */,
			);
			runOnlyForDeploymentPostprocessing = 0;
		};
		FB4D7DEC2754C15200E0C4FE /* Resources */ = {
			isa = PBXResourcesBuildPhase;
			buildActionMask = 2147483647;
			files = (
			);
			runOnlyForDeploymentPostprocessing = 0;
		};
		FB4D7DF72754C15200E0C4FE /* Resources */ = {
			isa = PBXResourcesBuildPhase;
			buildActionMask = 2147483647;
			files = (
			);
			runOnlyForDeploymentPostprocessing = 0;
		};
/* End PBXResourcesBuildPhase section */

/* Begin PBXSourcesBuildPhase section */
		FB4D7DD42754C15100E0C4FE /* Sources */ = {
			isa = PBXSourcesBuildPhase;
			buildActionMask = 2147483647;
			files = (
				FB4D7DE02754C15100E0C4FE /* ViewController.swift in Sources */,
				FB4D7DDC2754C15100E0C4FE /* AppDelegate.swift in Sources */,
				FB4D7DDE2754C15100E0C4FE /* SceneDelegate.swift in Sources */,
			);
			runOnlyForDeploymentPostprocessing = 0;
		};
		FB4D7DEA2754C15200E0C4FE /* Sources */ = {
			isa = PBXSourcesBuildPhase;
			buildActionMask = 2147483647;
			files = (
				FB4D7DF32754C15200E0C4FE /* TextFieldsTests.swift in Sources */,
			);
			runOnlyForDeploymentPostprocessing = 0;
		};
		FB4D7DF52754C15200E0C4FE /* Sources */ = {
			isa = PBXSourcesBuildPhase;
			buildActionMask = 2147483647;
			files = (
				FB4D7DFE2754C15200E0C4FE /* TextFieldsUITests.swift in Sources */,
			);
			runOnlyForDeploymentPostprocessing = 0;
		};
/* End PBXSourcesBuildPhase section */

/* Begin PBXTargetDependency section */
		FB4D7DF02754C15200E0C4FE /* PBXTargetDependency */ = {
			isa = PBXTargetDependency;
			target = FB4D7DD72754C15100E0C4FE /* TextFields */;
			targetProxy = FB4D7DEF2754C15200E0C4FE /* PBXContainerItemProxy */;
		};
		FB4D7DFB2754C15200E0C4FE /* PBXTargetDependency */ = {
			isa = PBXTargetDependency;
			target = FB4D7DD72754C15100E0C4FE /* TextFields */;
			targetProxy = FB4D7DFA2754C15200E0C4FE /* PBXContainerItemProxy */;
		};
/* End PBXTargetDependency section */

/* Begin PBXVariantGroup section */
		FB4D7DE12754C15100E0C4FE /* Main.storyboard */ = {
			isa = PBXVariantGroup;
			children = (
				FB4D7DE22754C15100E0C4FE /* Base */,
			);
			name = Main.storyboard;
			sourceTree = "<group>";
		};
		FB4D7DE62754C15200E0C4FE /* LaunchScreen.storyboard */ = {
			isa = PBXVariantGroup;
			children = (
				FB4D7DE72754C15200E0C4FE /* Base */,
			);
			name = LaunchScreen.storyboard;
			sourceTree = "<group>";
		};
/* End PBXVariantGroup section */

/* Begin XCBuildConfiguration section */
		FB4D7E002754C15200E0C4FE /* Debug */ = {
			isa = XCBuildConfiguration;
			buildSettings = {
				ALWAYS_SEARCH_USER_PATHS = NO;
				CLANG_ANALYZER_NONNULL = YES;
				CLANG_ANALYZER_NUMBER_OBJECT_CONVERSION = YES_AGGRESSIVE;
				CLANG_CXX_LANGUAGE_STANDARD = "gnu++14";
				CLANG_CXX_LIBRARY = "libc++";
				CLANG_ENABLE_MODULES = YES;
				CLANG_ENABLE_OBJC_ARC = YES;
				CLANG_ENABLE_OBJC_WEAK = YES;
				CLANG_WARN_BLOCK_CAPTURE_AUTORELEASING = YES;
				CLANG_WARN_BOOL_CONVERSION = YES;
				CLANG_WARN_COMMA = YES;
				CLANG_WARN_CONSTANT_CONVERSION = YES;
				CLANG_WARN_DEPRECATED_OBJC_IMPLEMENTATIONS = YES;
				CLANG_WARN_DIRECT_OBJC_ISA_USAGE = YES_ERROR;
				CLANG_WARN_DOCUMENTATION_COMMENTS = YES;
				CLANG_WARN_EMPTY_BODY = YES;
				CLANG_WARN_ENUM_CONVERSION = YES;
				CLANG_WARN_INFINITE_RECURSION = YES;
				CLANG_WARN_INT_CONVERSION = YES;
				CLANG_WARN_NON_LITERAL_NULL_CONVERSION = YES;
				CLANG_WARN_OBJC_IMPLICIT_RETAIN_SELF = YES;
				CLANG_WARN_OBJC_LITERAL_CONVERSION = YES;
				CLANG_WARN_OBJC_ROOT_CLASS = YES_ERROR;
				CLANG_WARN_QUOTED_INCLUDE_IN_FRAMEWORK_HEADER = YES;
				CLANG_WARN_RANGE_LOOP_ANALYSIS = YES;
				CLANG_WARN_STRICT_PROTOTYPES = YES;
				CLANG_WARN_SUSPICIOUS_MOVE = YES;
				CLANG_WARN_UNGUARDED_AVAILABILITY = YES_AGGRESSIVE;
				CLANG_WARN_UNREACHABLE_CODE = YES;
				CLANG_WARN__DUPLICATE_METHOD_MATCH = YES;
				COPY_PHASE_STRIP = NO;
				DEBUG_INFORMATION_FORMAT = dwarf;
				ENABLE_STRICT_OBJC_MSGSEND = YES;
				ENABLE_TESTABILITY = YES;
				GCC_C_LANGUAGE_STANDARD = gnu11;
				GCC_DYNAMIC_NO_PIC = NO;
				GCC_NO_COMMON_BLOCKS = YES;
				GCC_OPTIMIZATION_LEVEL = 0;
				GCC_PREPROCESSOR_DEFINITIONS = (
					"DEBUG=1",
					"$(inherited)",
				);
				GCC_WARN_64_TO_32_BIT_CONVERSION = YES;
				GCC_WARN_ABOUT_RETURN_TYPE = YES_ERROR;
				GCC_WARN_UNDECLARED_SELECTOR = YES;
				GCC_WARN_UNINITIALIZED_AUTOS = YES_AGGRESSIVE;
				GCC_WARN_UNUSED_FUNCTION = YES;
				GCC_WARN_UNUSED_VARIABLE = YES;
				IPHONEOS_DEPLOYMENT_TARGET = 14.5;
				MTL_ENABLE_DEBUG_INFO = INCLUDE_SOURCE;
				MTL_FAST_MATH = YES;
				ONLY_ACTIVE_ARCH = YES;
				SDKROOT = iphoneos;
				SWIFT_ACTIVE_COMPILATION_CONDITIONS = DEBUG;
				SWIFT_OPTIMIZATION_LEVEL = "-Onone";
			};
			name = Debug;
		};
		FB4D7E012754C15200E0C4FE /* Release */ = {
			isa = XCBuildConfiguration;
			buildSettings = {
				ALWAYS_SEARCH_USER_PATHS = NO;
				CLANG_ANALYZER_NONNULL = YES;
				CLANG_ANALYZER_NUMBER_OBJECT_CONVERSION = YES_AGGRESSIVE;
				CLANG_CXX_LANGUAGE_STANDARD = "gnu++14";
				CLANG_CXX_LIBRARY = "libc++";
				CLANG_ENABLE_MODULES = YES;
				CLANG_ENABLE_OBJC_ARC = YES;
				CLANG_ENABLE_OBJC_WEAK = YES;
				CLANG_WARN_BLOCK_CAPTURE_AUTORELEASING = YES;
				CLANG_WARN_BOOL_CONVERSION = YES;
				CLANG_WARN_COMMA = YES;
				CLANG_WARN_CONSTANT_CONVERSION = YES;
				CLANG_WARN_DEPRECATED_OBJC_IMPLEMENTATIONS = YES;
				CLANG_WARN_DIRECT_OBJC_ISA_USAGE = YES_ERROR;
				CLANG_WARN_DOCUMENTATION_COMMENTS = YES;
				CLANG_WARN_EMPTY_BODY = YES;
				CLANG_WARN_ENUM_CONVERSION = YES;
				CLANG_WARN_INFINITE_RECURSION = YES;
				CLANG_WARN_INT_CONVERSION = YES;
				CLANG_WARN_NON_LITERAL_NULL_CONVERSION = YES;
				CLANG_WARN_OBJC_IMPLICIT_RETAIN_SELF = YES;
				CLANG_WARN_OBJC_LITERAL_CONVERSION = YES;
				CLANG_WARN_OBJC_ROOT_CLASS = YES_ERROR;
				CLANG_WARN_QUOTED_INCLUDE_IN_FRAMEWORK_HEADER = YES;
				CLANG_WARN_RANGE_LOOP_ANALYSIS = YES;
				CLANG_WARN_STRICT_PROTOTYPES = YES;
				CLANG_WARN_SUSPICIOUS_MOVE = YES;
				CLANG_WARN_UNGUARDED_AVAILABILITY = YES_AGGRESSIVE;
				CLANG_WARN_UNREACHABLE_CODE = YES;
				CLANG_WARN__DUPLICATE_METHOD_MATCH = YES;
				COPY_PHASE_STRIP = NO;
				DEBUG_INFORMATION_FORMAT = "dwarf-with-dsym";
				ENABLE_NS_ASSERTIONS = NO;
				ENABLE_STRICT_OBJC_MSGSEND = YES;
				GCC_C_LANGUAGE_STANDARD = gnu11;
				GCC_NO_COMMON_BLOCKS = YES;
				GCC_WARN_64_TO_32_BIT_CONVERSION = YES;
				GCC_WARN_ABOUT_RETURN_TYPE = YES_ERROR;
				GCC_WARN_UNDECLARED_SELECTOR = YES;
				GCC_WARN_UNINITIALIZED_AUTOS = YES_AGGRESSIVE;
				GCC_WARN_UNUSED_FUNCTION = YES;
				GCC_WARN_UNUSED_VARIABLE = YES;
				IPHONEOS_DEPLOYMENT_TARGET = 14.5;
				MTL_ENABLE_DEBUG_INFO = NO;
				MTL_FAST_MATH = YES;
				SDKROOT = iphoneos;
				SWIFT_COMPILATION_MODE = wholemodule;
				SWIFT_OPTIMIZATION_LEVEL = "-O";
				VALIDATE_PRODUCT = YES;
			};
			name = Release;
		};
		FB4D7E032754C15200E0C4FE /* Debug */ = {
			isa = XCBuildConfiguration;
			buildSettings = {
				ASSETCATALOG_COMPILER_APPICON_NAME = AppIcon;
				ASSETCATALOG_COMPILER_GLOBAL_ACCENT_COLOR_NAME = AccentColor;
				CODE_SIGN_STYLE = Automatic;
				DEVELOPMENT_TEAM = DVBMX6UX88;
				INFOPLIST_FILE = TextFields/Info.plist;
				LD_RUNPATH_SEARCH_PATHS = (
					"$(inherited)",
					"@executable_path/Frameworks",
				);
				PRODUCT_BUNDLE_IDENTIFIER = "Khryapin-Vitalya.TextFields";
				PRODUCT_NAME = "$(TARGET_NAME)";
				SWIFT_VERSION = 5.0;
				TARGETED_DEVICE_FAMILY = "1,2";
			};
			name = Debug;
		};
		FB4D7E042754C15200E0C4FE /* Release */ = {
			isa = XCBuildConfiguration;
			buildSettings = {
				ASSETCATALOG_COMPILER_APPICON_NAME = AppIcon;
				ASSETCATALOG_COMPILER_GLOBAL_ACCENT_COLOR_NAME = AccentColor;
				CODE_SIGN_STYLE = Automatic;
				DEVELOPMENT_TEAM = DVBMX6UX88;
				INFOPLIST_FILE = TextFields/Info.plist;
				LD_RUNPATH_SEARCH_PATHS = (
					"$(inherited)",
					"@executable_path/Frameworks",
				);
				PRODUCT_BUNDLE_IDENTIFIER = "Khryapin-Vitalya.TextFields";
				PRODUCT_NAME = "$(TARGET_NAME)";
				SWIFT_VERSION = 5.0;
				TARGETED_DEVICE_FAMILY = "1,2";
			};
			name = Release;
		};
		FB4D7E062754C15200E0C4FE /* Debug */ = {
			isa = XCBuildConfiguration;
			buildSettings = {
				ALWAYS_EMBED_SWIFT_STANDARD_LIBRARIES = YES;
				BUNDLE_LOADER = "$(TEST_HOST)";
				CODE_SIGN_STYLE = Automatic;
				DEVELOPMENT_TEAM = DVBMX6UX88;
				INFOPLIST_FILE = TextFieldsTests/Info.plist;
				IPHONEOS_DEPLOYMENT_TARGET = 14.5;
				LD_RUNPATH_SEARCH_PATHS = (
					"$(inherited)",
					"@executable_path/Frameworks",
					"@loader_path/Frameworks",
				);
				PRODUCT_BUNDLE_IDENTIFIER = "Khryapin-Vitalya.TextFieldsTests";
				PRODUCT_NAME = "$(TARGET_NAME)";
				SWIFT_VERSION = 5.0;
				TARGETED_DEVICE_FAMILY = "1,2";
				TEST_HOST = "$(BUILT_PRODUCTS_DIR)/TextFields.app/TextFields";
			};
			name = Debug;
		};
		FB4D7E072754C15200E0C4FE /* Release */ = {
			isa = XCBuildConfiguration;
			buildSettings = {
				ALWAYS_EMBED_SWIFT_STANDARD_LIBRARIES = YES;
				BUNDLE_LOADER = "$(TEST_HOST)";
				CODE_SIGN_STYLE = Automatic;
				DEVELOPMENT_TEAM = DVBMX6UX88;
				INFOPLIST_FILE = TextFieldsTests/Info.plist;
				IPHONEOS_DEPLOYMENT_TARGET = 14.5;
				LD_RUNPATH_SEARCH_PATHS = (
					"$(inherited)",
					"@executable_path/Frameworks",
					"@loader_path/Frameworks",
				);
				PRODUCT_BUNDLE_IDENTIFIER = "Khryapin-Vitalya.TextFieldsTests";
				PRODUCT_NAME = "$(TARGET_NAME)";
				SWIFT_VERSION = 5.0;
				TARGETED_DEVICE_FAMILY = "1,2";
				TEST_HOST = "$(BUILT_PRODUCTS_DIR)/TextFields.app/TextFields";
			};
			name = Release;
		};
		FB4D7E092754C15200E0C4FE /* Debug */ = {
			isa = XCBuildConfiguration;
			buildSettings = {
				ALWAYS_EMBED_SWIFT_STANDARD_LIBRARIES = YES;
				CODE_SIGN_STYLE = Automatic;
				DEVELOPMENT_TEAM = DVBMX6UX88;
				INFOPLIST_FILE = TextFieldsUITests/Info.plist;
				LD_RUNPATH_SEARCH_PATHS = (
					"$(inherited)",
					"@executable_path/Frameworks",
					"@loader_path/Frameworks",
				);
				PRODUCT_BUNDLE_IDENTIFIER = "Khryapin-Vitalya.TextFieldsUITests";
				PRODUCT_NAME = "$(TARGET_NAME)";
				SWIFT_VERSION = 5.0;
				TARGETED_DEVICE_FAMILY = "1,2";
				TEST_TARGET_NAME = TextFields;
			};
			name = Debug;
		};
		FB4D7E0A2754C15200E0C4FE /* Release */ = {
			isa = XCBuildConfiguration;
			buildSettings = {
				ALWAYS_EMBED_SWIFT_STANDARD_LIBRARIES = YES;
				CODE_SIGN_STYLE = Automatic;
				DEVELOPMENT_TEAM = DVBMX6UX88;
				INFOPLIST_FILE = TextFieldsUITests/Info.plist;
				LD_RUNPATH_SEARCH_PATHS = (
					"$(inherited)",
					"@executable_path/Frameworks",
					"@loader_path/Frameworks",
				);
				PRODUCT_BUNDLE_IDENTIFIER = "Khryapin-Vitalya.TextFieldsUITests";
				PRODUCT_NAME = "$(TARGET_NAME)";
				SWIFT_VERSION = 5.0;
				TARGETED_DEVICE_FAMILY = "1,2";
				TEST_TARGET_NAME = TextFields;
			};
			name = Release;
		};
/* End XCBuildConfiguration section */

/* Begin XCConfigurationList section */
		FB4D7DD32754C15100E0C4FE /* Build configuration list for PBXProject "TextFields" */ = {
			isa = XCConfigurationList;
			buildConfigurations = (
				FB4D7E002754C15200E0C4FE /* Debug */,
				FB4D7E012754C15200E0C4FE /* Release */,
			);
			defaultConfigurationIsVisible = 0;
			defaultConfigurationName = Release;
		};
		FB4D7E022754C15200E0C4FE /* Build configuration list for PBXNativeTarget "TextFields" */ = {
			isa = XCConfigurationList;
			buildConfigurations = (
				FB4D7E032754C15200E0C4FE /* Debug */,
				FB4D7E042754C15200E0C4FE /* Release */,
			);
			defaultConfigurationIsVisible = 0;
			defaultConfigurationName = Release;
		};
		FB4D7E052754C15200E0C4FE /* Build configuration list for PBXNativeTarget "TextFieldsTests" */ = {
			isa = XCConfigurationList;
			buildConfigurations = (
				FB4D7E062754C15200E0C4FE /* Debug */,
				FB4D7E072754C15200E0C4FE /* Release */,
			);
			defaultConfigurationIsVisible = 0;
			defaultConfigurationName = Release;
		};
		FB4D7E082754C15200E0C4FE /* Build configuration list for PBXNativeTarget "TextFieldsUITests" */ = {
			isa = XCConfigurationList;
			buildConfigurations = (
				FB4D7E092754C15200E0C4FE /* Debug */,
				FB4D7E0A2754C15200E0C4FE /* Release */,
			);
			defaultConfigurationIsVisible = 0;
			defaultConfigurationName = Release;
		};
/* End XCConfigurationList section */
	};
	rootObject = FB4D7DD02754C15100E0C4FE /* Project object */;
}
